
Microsoft Visual Studio Solution File, Format Version 12.00
# Visual Studio Version 17
VisualStudioVersion = 17.1.32210.238
MinimumVisualStudioVersion = 10.0.40219.1
Project("{FAE04EC0-301F-11D3-BF4B-00C04F79EFBC}") = "Part3", "Part3\Part3.csproj", "{67336C61-0102-4722-B0C3-B65F17554416}"
EndProject
Global
	GlobalSection(SolutionConfigurationPlatforms) = preSolution
		Debug|Any CPU = Debug|Any CPU
		Release|Any CPU = Release|Any CPU
	EndGlobalSection
	GlobalSection(ProjectConfigurationPlatforms) = postSolution
		{67336C61-0102-4722-B0C3-B65F17554416}.Debug|Any CPU.ActiveCfg = Debug|Any CPU
		{67336C61-0102-4722-B0C3-B65F17554416}.Debug|Any CPU.Build.0 = Debug|Any CPU
		{67336C61-0102-4722-B0C3-B65F17554416}.Release|Any CPU.ActiveCfg = Release|Any CPU
		{67336C61-0102-4722-B0C3-B65F17554416}.Release|Any CPU.Build.0 = Release|Any CPU
	EndGlobalSection
	GlobalSection(SolutionProperties) = preSolution
		HideSolutionNode = FALSE
	EndGlobalSection
	GlobalSection(ExtensibilityGlobals) = postSolution
		SolutionGuid = {F1A21D9A-7499-4FF8-8B99-A5CB2671CEF7}
	EndGlobalSection
EndGlobal
