
Microsoft Visual Studio Solution File, Format Version 12.00
# Visual Studio Version 17
VisualStudioVersion = 17.1.32210.238
MinimumVisualStudioVersion = 10.0.40219.1
Project("{FAE04EC0-301F-11D3-BF4B-00C04F79EFBC}") = "Project2048", "Project2048\Project2048.csproj", "{7DF861B1-4A09-427D-8A5C-99043AA6306E}"
EndProject
Global
	GlobalSection(SolutionConfigurationPlatforms) = preSolution
		Debug|Any CPU = Debug|Any CPU
		Release|Any CPU = Release|Any CPU
	EndGlobalSection
	GlobalSection(ProjectConfigurationPlatforms) = postSolution
		{7DF861B1-4A09-427D-8A5C-99043AA6306E}.Debug|Any CPU.ActiveCfg = Debug|Any CPU
		{7DF861B1-4A09-427D-8A5C-99043AA6306E}.Debug|Any CPU.Build.0 = Debug|Any CPU
		{7DF861B1-4A09-427D-8A5C-99043AA6306E}.Release|Any CPU.ActiveCfg = Release|Any CPU
		{7DF861B1-4A09-427D-8A5C-99043AA6306E}.Release|Any CPU.Build.0 = Release|Any CPU
	EndGlobalSection
	GlobalSection(SolutionProperties) = preSolution
		HideSolutionNode = FALSE
	EndGlobalSection
	GlobalSection(ExtensibilityGlobals) = postSolution
		SolutionGuid = {84C55012-0F15-49F0-A22F-AFC6C1FFBE4E}
	EndGlobalSection
EndGlobal
